
Microsoft Visual Studio Solution File, Format Version 12.00
# Visual Studio Version 17
VisualStudioVersion = 17.2.32519.379
MinimumVisualStudioVersion = 10.0.40219.1
Project("{FAE04EC0-301F-11D3-BF4B-00C04F79EFBC}") = "Autenticador.Api", "Autenticador\Autenticador.Api.csproj", "{D7131C17-F821-44B0-8FF1-9A784C34C1F4}"
EndProject
Project("{2150E333-8FDC-42A3-9474-1A3956D46DE8}") = "src", "src", "{858B541B-C5BA-49E8-811A-34CECA67A7BC}"
EndProject
Project("{2150E333-8FDC-42A3-9474-1A3956D46DE8}") = "Web", "Web", "{1698E4C0-0559-496A-8D7B-0B73807327F4}"
EndProject
Project("{2150E333-8FDC-42A3-9474-1A3956D46DE8}") = "Domain", "Domain", "{37EFF4C2-1D3D-4D6D-8762-1B1484C3412A}"
EndProject
Project("{2150E333-8FDC-42A3-9474-1A3956D46DE8}") = "Services", "Services", "{5988401C-A7CB-4229-AB27-4F43C6371FD6}"
EndProject
Project("{FAE04EC0-301F-11D3-BF4B-00C04F79EFBC}") = "Domain", "Domain\Domain.csproj", "{CF4F1889-3B56-4C11-B586-E1FA5C41641E}"
EndProject
Project("{FAE04EC0-301F-11D3-BF4B-00C04F79EFBC}") = "Services", "Infra\Services.csproj", "{D1AC0FAB-262D-4D63-8791-BA5CD8E7BA84}"
EndProject
Project("{2150E333-8FDC-42A3-9474-1A3956D46DE8}") = "Tests", "Tests", "{C433BB3E-FF91-4289-AC0B-F9A2531663EE}"
EndProject
Project("{FAE04EC0-301F-11D3-BF4B-00C04F79EFBC}") = "UnitTests", "UnitTests\UnitTests.csproj", "{212FFF8A-7C91-4A4F-92AD-524A63B97D4C}"
EndProject
Project("{FAE04EC0-301F-11D3-BF4B-00C04F79EFBC}") = "IntegrationTest", "IntegrationTest\IntegrationTest.csproj", "{7918DE5F-14E5-4BB7-824A-C156CC460AE6}"
EndProject
Global
	GlobalSection(SolutionConfigurationPlatforms) = preSolution
		Debug|Any CPU = Debug|Any CPU
		Release|Any CPU = Release|Any CPU
	EndGlobalSection
	GlobalSection(ProjectConfigurationPlatforms) = postSolution
		{D7131C17-F821-44B0-8FF1-9A784C34C1F4}.Debug|Any CPU.ActiveCfg = Debug|Any CPU
		{D7131C17-F821-44B0-8FF1-9A784C34C1F4}.Debug|Any CPU.Build.0 = Debug|Any CPU
		{D7131C17-F821-44B0-8FF1-9A784C34C1F4}.Release|Any CPU.ActiveCfg = Release|Any CPU
		{D7131C17-F821-44B0-8FF1-9A784C34C1F4}.Release|Any CPU.Build.0 = Release|Any CPU
		{CF4F1889-3B56-4C11-B586-E1FA5C41641E}.Debug|Any CPU.ActiveCfg = Debug|Any CPU
		{CF4F1889-3B56-4C11-B586-E1FA5C41641E}.Debug|Any CPU.Build.0 = Debug|Any CPU
		{CF4F1889-3B56-4C11-B586-E1FA5C41641E}.Release|Any CPU.ActiveCfg = Release|Any CPU
		{CF4F1889-3B56-4C11-B586-E1FA5C41641E}.Release|Any CPU.Build.0 = Release|Any CPU
		{D1AC0FAB-262D-4D63-8791-BA5CD8E7BA84}.Debug|Any CPU.ActiveCfg = Debug|Any CPU
		{D1AC0FAB-262D-4D63-8791-BA5CD8E7BA84}.Debug|Any CPU.Build.0 = Debug|Any CPU
		{D1AC0FAB-262D-4D63-8791-BA5CD8E7BA84}.Release|Any CPU.ActiveCfg = Release|Any CPU
		{D1AC0FAB-262D-4D63-8791-BA5CD8E7BA84}.Release|Any CPU.Build.0 = Release|Any CPU
		{212FFF8A-7C91-4A4F-92AD-524A63B97D4C}.Debug|Any CPU.ActiveCfg = Debug|Any CPU
		{212FFF8A-7C91-4A4F-92AD-524A63B97D4C}.Debug|Any CPU.Build.0 = Debug|Any CPU
		{212FFF8A-7C91-4A4F-92AD-524A63B97D4C}.Release|Any CPU.ActiveCfg = Release|Any CPU
		{212FFF8A-7C91-4A4F-92AD-524A63B97D4C}.Release|Any CPU.Build.0 = Release|Any CPU
		{7918DE5F-14E5-4BB7-824A-C156CC460AE6}.Debug|Any CPU.ActiveCfg = Debug|Any CPU
		{7918DE5F-14E5-4BB7-824A-C156CC460AE6}.Debug|Any CPU.Build.0 = Debug|Any CPU
		{7918DE5F-14E5-4BB7-824A-C156CC460AE6}.Release|Any CPU.ActiveCfg = Release|Any CPU
		{7918DE5F-14E5-4BB7-824A-C156CC460AE6}.Release|Any CPU.Build.0 = Release|Any CPU
	EndGlobalSection
	GlobalSection(SolutionProperties) = preSolution
		HideSolutionNode = FALSE
	EndGlobalSection
	GlobalSection(NestedProjects) = preSolution
		{D7131C17-F821-44B0-8FF1-9A784C34C1F4} = {1698E4C0-0559-496A-8D7B-0B73807327F4}
		{1698E4C0-0559-496A-8D7B-0B73807327F4} = {858B541B-C5BA-49E8-811A-34CECA67A7BC}
		{37EFF4C2-1D3D-4D6D-8762-1B1484C3412A} = {858B541B-C5BA-49E8-811A-34CECA67A7BC}
		{5988401C-A7CB-4229-AB27-4F43C6371FD6} = {858B541B-C5BA-49E8-811A-34CECA67A7BC}
		{CF4F1889-3B56-4C11-B586-E1FA5C41641E} = {37EFF4C2-1D3D-4D6D-8762-1B1484C3412A}
		{D1AC0FAB-262D-4D63-8791-BA5CD8E7BA84} = {5988401C-A7CB-4229-AB27-4F43C6371FD6}
		{C433BB3E-FF91-4289-AC0B-F9A2531663EE} = {1698E4C0-0559-496A-8D7B-0B73807327F4}
		{212FFF8A-7C91-4A4F-92AD-524A63B97D4C} = {C433BB3E-FF91-4289-AC0B-F9A2531663EE}
		{7918DE5F-14E5-4BB7-824A-C156CC460AE6} = {C433BB3E-FF91-4289-AC0B-F9A2531663EE}
	EndGlobalSection
	GlobalSection(ExtensibilityGlobals) = postSolution
		SolutionGuid = {19EDF0C9-B20C-4732-90E1-8987F9DE7354}
	EndGlobalSection
EndGlobal
